// !$*UTF8*$!
{
	archiveVersion = 1;
	classes = {
	};
	objectVersion = 46;
	objects = {

/* Begin PBXBuildFile section */
		10BAEABE1CD1BFBB003E8687 /* main.m in Sources */ = {isa = PBXBuildFile; fileRef = 10BAEABD1CD1BFBB003E8687 /* main.m */; };
		10BAEAC11CD1BFBB003E8687 /* AppDelegate.mm in Sources */ = {isa = PBXBuildFile; fileRef = 10BAEAC01CD1BFBB003E8687 /* AppDelegate.mm */; };
		10BAEAC41CD1BFBB003E8687 /* ViewController.m in Sources */ = {isa = PBXBuildFile; fileRef = 10BAEAC31CD1BFBB003E8687 /* ViewController.m */; };
		10BAEAC71CD1BFBB003E8687 /* Main.storyboard in Resources */ = {isa = PBXBuildFile; fileRef = 10BAEAC51CD1BFBB003E8687 /* Main.storyboard */; };
		10BAEACA1CD1BFBB003E8687 /* ObjRunTime.xcdatamodeld in Sources */ = {isa = PBXBuildFile; fileRef = 10BAEAC81CD1BFBB003E8687 /* ObjRunTime.xcdatamodeld */; };
		10BAEACC1CD1BFBB003E8687 /* Assets.xcassets in Resources */ = {isa = PBXBuildFile; fileRef = 10BAEACB1CD1BFBB003E8687 /* Assets.xcassets */; };
		10BAEACF1CD1BFBB003E8687 /* LaunchScreen.storyboard in Resources */ = {isa = PBXBuildFile; fileRef = 10BAEACD1CD1BFBB003E8687 /* LaunchScreen.storyboard */; };
		10BAEADA1CD1BFBB003E8687 /* ObjRunTimeTests.m in Sources */ = {isa = PBXBuildFile; fileRef = 10BAEAD91CD1BFBB003E8687 /* ObjRunTimeTests.m */; };
		10BAEAE51CD1BFBB003E8687 /* ObjRunTimeUITests.m in Sources */ = {isa = PBXBuildFile; fileRef = 10BAEAE41CD1BFBB003E8687 /* ObjRunTimeUITests.m */; };
		10BAEAFA1CD1C1E9003E8687 /* Pig.m in Sources */ = {isa = PBXBuildFile; fileRef = 10BAEAF91CD1C1E9003E8687 /* Pig.m */; };
		10BAEAFB1CD1C1E9003E8687 /* Pig.m in Sources */ = {isa = PBXBuildFile; fileRef = 10BAEAF91CD1C1E9003E8687 /* Pig.m */; };
		10BAEAFC1CD1C1E9003E8687 /* Pig.m in Sources */ = {isa = PBXBuildFile; fileRef = 10BAEAF91CD1C1E9003E8687 /* Pig.m */; };
		10BAEAFF1CD1C26C003E8687 /* Cat.m in Sources */ = {isa = PBXBuildFile; fileRef = 10BAEAFE1CD1C26C003E8687 /* Cat.m */; };
		10BAEB001CD1C26C003E8687 /* Cat.m in Sources */ = {isa = PBXBuildFile; fileRef = 10BAEAFE1CD1C26C003E8687 /* Cat.m */; };
		10BAEB011CD1C26C003E8687 /* Cat.m in Sources */ = {isa = PBXBuildFile; fileRef = 10BAEAFE1CD1C26C003E8687 /* Cat.m */; };
		10BAEB041CD1C290003E8687 /* Dog.m in Sources */ = {isa = PBXBuildFile; fileRef = 10BAEB031CD1C290003E8687 /* Dog.m */; };
		10BAEB051CD1C290003E8687 /* Dog.m in Sources */ = {isa = PBXBuildFile; fileRef = 10BAEB031CD1C290003E8687 /* Dog.m */; };
		10BAEB061CD1C290003E8687 /* Dog.m in Sources */ = {isa = PBXBuildFile; fileRef = 10BAEB031CD1C290003E8687 /* Dog.m */; };
		10BAEB0A1CD1D0A6003E8687 /* MSYRunTimeTools.m in Sources */ = {isa = PBXBuildFile; fileRef = 10BAEB091CD1D0A6003E8687 /* MSYRunTimeTools.m */; };
		10BAEB0B1CD1D0A6003E8687 /* MSYRunTimeTools.m in Sources */ = {isa = PBXBuildFile; fileRef = 10BAEB091CD1D0A6003E8687 /* MSYRunTimeTools.m */; };
		10BAEB0C1CD1D0A6003E8687 /* MSYRunTimeTools.m in Sources */ = {isa = PBXBuildFile; fileRef = 10BAEB091CD1D0A6003E8687 /* MSYRunTimeTools.m */; };
		10BAEB121CD1D2D8003E8687 /* PushViewController.m in Sources */ = {isa = PBXBuildFile; fileRef = 10BAEB101CD1D2D8003E8687 /* PushViewController.m */; };
		10BAEB131CD1D2D8003E8687 /* PushViewController.m in Sources */ = {isa = PBXBuildFile; fileRef = 10BAEB101CD1D2D8003E8687 /* PushViewController.m */; };
		10BAEB141CD1D2D8003E8687 /* PushViewController.m in Sources */ = {isa = PBXBuildFile; fileRef = 10BAEB101CD1D2D8003E8687 /* PushViewController.m */; };
		10BAEB151CD1D2D8003E8687 /* PushViewController.xib in Resources */ = {isa = PBXBuildFile; fileRef = 10BAEB111CD1D2D8003E8687 /* PushViewController.xib */; };
		10BAEB161CD1D2D8003E8687 /* PushViewController.xib in Resources */ = {isa = PBXBuildFile; fileRef = 10BAEB111CD1D2D8003E8687 /* PushViewController.xib */; };
		10BAEB171CD1D2D8003E8687 /* PushViewController.xib in Resources */ = {isa = PBXBuildFile; fileRef = 10BAEB111CD1D2D8003E8687 /* PushViewController.xib */; };
		10BAEB1C1CD1F087003E8687 /* PushObjViewController.m in Sources */ = {isa = PBXBuildFile; fileRef = 10BAEB1A1CD1F087003E8687 /* PushObjViewController.m */; };
		10BAEB1D1CD1F087003E8687 /* PushObjViewController.m in Sources */ = {isa = PBXBuildFile; fileRef = 10BAEB1A1CD1F087003E8687 /* PushObjViewController.m */; };
		10BAEB1E1CD1F087003E8687 /* PushObjViewController.m in Sources */ = {isa = PBXBuildFile; fileRef = 10BAEB1A1CD1F087003E8687 /* PushObjViewController.m */; };
		10BAEB1F1CD1F087003E8687 /* PushObjViewController.xib in Resources */ = {isa = PBXBuildFile; fileRef = 10BAEB1B1CD1F087003E8687 /* PushObjViewController.xib */; };
		10BAEB201CD1F087003E8687 /* PushObjViewController.xib in Resources */ = {isa = PBXBuildFile; fileRef = 10BAEB1B1CD1F087003E8687 /* PushObjViewController.xib */; };
		10BAEB211CD1F087003E8687 /* PushObjViewController.xib in Resources */ = {isa = PBXBuildFile; fileRef = 10BAEB1B1CD1F087003E8687 /* PushObjViewController.xib */; };
/* End PBXBuildFile section */

/* Begin PBXContainerItemProxy section */
		10BAEAD61CD1BFBB003E8687 /* PBXContainerItemProxy */ = {
			isa = PBXContainerItemProxy;
			containerPortal = 10BAEAB11CD1BFBB003E8687 /* Project object */;
			proxyType = 1;
			remoteGlobalIDString = 10BAEAB81CD1BFBB003E8687;
			remoteInfo = ObjRunTime;
		};
		10BAEAE11CD1BFBB003E8687 /* PBXContainerItemProxy */ = {
			isa = PBXContainerItemProxy;
			containerPortal = 10BAEAB11CD1BFBB003E8687 /* Project object */;
			proxyType = 1;
			remoteGlobalIDString = 10BAEAB81CD1BFBB003E8687;
			remoteInfo = ObjRunTime;
		};
/* End PBXContainerItemProxy section */

/* Begin PBXFileReference section */
		106E5AC91CD3115D00DF080E /* ThisIsProtocol.h */ = {isa = PBXFileReference; fileEncoding = 4; lastKnownFileType = sourcecode.c.h; path = ThisIsProtocol.h; sourceTree = "<group>"; };
		10BAEAB91CD1BFBB003E8687 /* ObjRunTime.app */ = {isa = PBXFileReference; explicitFileType = wrapper.application; includeInIndex = 0; path = ObjRunTime.app; sourceTree = BUILT_PRODUCTS_DIR; };
		10BAEABD1CD1BFBB003E8687 /* main.m */ = {isa = PBXFileReference; lastKnownFileType = sourcecode.c.objc; path = main.m; sourceTree = "<group>"; };
		10BAEABF1CD1BFBB003E8687 /* AppDelegate.h */ = {isa = PBXFileReference; lastKnownFileType = sourcecode.c.h; path = AppDelegate.h; sourceTree = "<group>"; };
		10BAEAC01CD1BFBB003E8687 /* AppDelegate.mm */ = {isa = PBXFileReference; lastKnownFileType = sourcecode.cpp.objcpp; path = AppDelegate.mm; sourceTree = "<group>"; };
		10BAEAC21CD1BFBB003E8687 /* ViewController.h */ = {isa = PBXFileReference; lastKnownFileType = sourcecode.c.h; path = ViewController.h; sourceTree = "<group>"; };
		10BAEAC31CD1BFBB003E8687 /* ViewController.m */ = {isa = PBXFileReference; lastKnownFileType = sourcecode.c.objc; path = ViewController.m; sourceTree = "<group>"; };
		10BAEAC61CD1BFBB003E8687 /* Base */ = {isa = PBXFileReference; lastKnownFileType = file.storyboard; name = Base; path = Base.lproj/Main.storyboard; sourceTree = "<group>"; };
		10BAEAC91CD1BFBB003E8687 /* ObjRunTime.xcdatamodel */ = {isa = PBXFileReference; lastKnownFileType = wrapper.xcdatamodel; path = ObjRunTime.xcdatamodel; sourceTree = "<group>"; };
		10BAEACB1CD1BFBB003E8687 /* Assets.xcassets */ = {isa = PBXFileReference; lastKnownFileType = folder.assetcatalog; path = Assets.xcassets; sourceTree = "<group>"; };
		10BAEACE1CD1BFBB003E8687 /* Base */ = {isa = PBXFileReference; lastKnownFileType = file.storyboard; name = Base; path = Base.lproj/LaunchScreen.storyboard; sourceTree = "<group>"; };
		10BAEAD01CD1BFBB003E8687 /* Info.plist */ = {isa = PBXFileReference; lastKnownFileType = text.plist.xml; path = Info.plist; sourceTree = "<group>"; };
		10BAEAD51CD1BFBB003E8687 /* ObjRunTimeTests.xctest */ = {isa = PBXFileReference; explicitFileType = wrapper.cfbundle; includeInIndex = 0; path = ObjRunTimeTests.xctest; sourceTree = BUILT_PRODUCTS_DIR; };
		10BAEAD91CD1BFBB003E8687 /* ObjRunTimeTests.m */ = {isa = PBXFileReference; lastKnownFileType = sourcecode.c.objc; path = ObjRunTimeTests.m; sourceTree = "<group>"; };
		10BAEADB1CD1BFBB003E8687 /* Info.plist */ = {isa = PBXFileReference; lastKnownFileType = text.plist.xml; path = Info.plist; sourceTree = "<group>"; };
		10BAEAE01CD1BFBB003E8687 /* ObjRunTimeUITests.xctest */ = {isa = PBXFileReference; explicitFileType = wrapper.cfbundle; includeInIndex = 0; path = ObjRunTimeUITests.xctest; sourceTree = BUILT_PRODUCTS_DIR; };
		10BAEAE41CD1BFBB003E8687 /* ObjRunTimeUITests.m */ = {isa = PBXFileReference; lastKnownFileType = sourcecode.c.objc; path = ObjRunTimeUITests.m; sourceTree = "<group>"; };
		10BAEAE61CD1BFBB003E8687 /* Info.plist */ = {isa = PBXFileReference; lastKnownFileType = text.plist.xml; path = Info.plist; sourceTree = "<group>"; };
		10BAEAF81CD1C1E9003E8687 /* Pig.h */ = {isa = PBXFileReference; fileEncoding = 4; lastKnownFileType = sourcecode.c.h; path = Pig.h; sourceTree = "<group>"; };
		10BAEAF91CD1C1E9003E8687 /* Pig.m */ = {isa = PBXFileReference; fileEncoding = 4; lastKnownFileType = sourcecode.c.objc; path = Pig.m; sourceTree = "<group>"; };
		10BAEAFD1CD1C26C003E8687 /* Cat.h */ = {isa = PBXFileReference; fileEncoding = 4; lastKnownFileType = sourcecode.c.h; path = Cat.h; sourceTree = "<group>"; };
		10BAEAFE1CD1C26C003E8687 /* Cat.m */ = {isa = PBXFileReference; fileEncoding = 4; lastKnownFileType = sourcecode.c.objc; path = Cat.m; sourceTree = "<group>"; };
		10BAEB021CD1C290003E8687 /* Dog.h */ = {isa = PBXFileReference; fileEncoding = 4; lastKnownFileType = sourcecode.c.h; path = Dog.h; sourceTree = "<group>"; };
		10BAEB031CD1C290003E8687 /* Dog.m */ = {isa = PBXFileReference; fileEncoding = 4; lastKnownFileType = sourcecode.c.objc; path = Dog.m; sourceTree = "<group>"; };
		10BAEB081CD1D0A6003E8687 /* MSYRunTimeTools.h */ = {isa = PBXFileReference; fileEncoding = 4; lastKnownFileType = sourcecode.c.h; path = MSYRunTimeTools.h; sourceTree = "<group>"; };
		10BAEB091CD1D0A6003E8687 /* MSYRunTimeTools.m */ = {isa = PBXFileReference; fileEncoding = 4; lastKnownFileType = sourcecode.c.objc; path = MSYRunTimeTools.m; sourceTree = "<group>"; };
		10BAEB0F1CD1D2D8003E8687 /* PushViewController.h */ = {isa = PBXFileReference; fileEncoding = 4; lastKnownFileType = sourcecode.c.h; path = PushViewController.h; sourceTree = "<group>"; };
		10BAEB101CD1D2D8003E8687 /* PushViewController.m */ = {isa = PBXFileReference; fileEncoding = 4; lastKnownFileType = sourcecode.c.objc; path = PushViewController.m; sourceTree = "<group>"; };
		10BAEB111CD1D2D8003E8687 /* PushViewController.xib */ = {isa = PBXFileReference; fileEncoding = 4; lastKnownFileType = file.xib; path = PushViewController.xib; sourceTree = "<group>"; };
		10BAEB191CD1F087003E8687 /* PushObjViewController.h */ = {isa = PBXFileReference; fileEncoding = 4; lastKnownFileType = sourcecode.c.h; path = PushObjViewController.h; sourceTree = "<group>"; };
		10BAEB1A1CD1F087003E8687 /* PushObjViewController.m */ = {isa = PBXFileReference; fileEncoding = 4; lastKnownFileType = sourcecode.c.objc; path = PushObjViewController.m; sourceTree = "<group>"; };
		10BAEB1B1CD1F087003E8687 /* PushObjViewController.xib */ = {isa = PBXFileReference; fileEncoding = 4; lastKnownFileType = file.xib; path = PushObjViewController.xib; sourceTree = "<group>"; };
/* End PBXFileReference section */

/* Begin PBXFrameworksBuildPhase section */
		10BAEAB61CD1BFBB003E8687 /* Frameworks */ = {
			isa = PBXFrameworksBuildPhase;
			buildActionMask = 2147483647;
			files = (
			);
			runOnlyForDeploymentPostprocessing = 0;
		};
		10BAEAD21CD1BFBB003E8687 /* Frameworks */ = {
			isa = PBXFrameworksBuildPhase;
			buildActionMask = 2147483647;
			files = (
			);
			runOnlyForDeploymentPostprocessing = 0;
		};
		10BAEADD1CD1BFBB003E8687 /* Frameworks */ = {
			isa = PBXFrameworksBuildPhase;
			buildActionMask = 2147483647;
			files = (
			);
			runOnlyForDeploymentPostprocessing = 0;
		};
/* End PBXFrameworksBuildPhase section */

/* Begin PBXGroup section */
		106E5AC71CD3112400DF080E /* protocol */ = {
			isa = PBXGroup;
			children = (
				106E5AC91CD3115D00DF080E /* ThisIsProtocol.h */,
			);
			name = protocol;
			sourceTree = "<group>";
		};
		10BAEAB01CD1BFBB003E8687 = {
			isa = PBXGroup;
			children = (
				10BAEABB1CD1BFBB003E8687 /* ObjRunTime */,
				10BAEAD81CD1BFBB003E8687 /* ObjRunTimeTests */,
				10BAEAE31CD1BFBB003E8687 /* ObjRunTimeUITests */,
				10BAEABA1CD1BFBB003E8687 /* Products */,
			);
			sourceTree = "<group>";
		};
		10BAEABA1CD1BFBB003E8687 /* Products */ = {
			isa = PBXGroup;
			children = (
				10BAEAB91CD1BFBB003E8687 /* ObjRunTime.app */,
				10BAEAD51CD1BFBB003E8687 /* ObjRunTimeTests.xctest */,
				10BAEAE01CD1BFBB003E8687 /* ObjRunTimeUITests.xctest */,
			);
			name = Products;
			sourceTree = "<group>";
		};
		10BAEABB1CD1BFBB003E8687 /* ObjRunTime */ = {
			isa = PBXGroup;
			children = (
				106E5AC71CD3112400DF080E /* protocol */,
				10BAEB071CD1D088003E8687 /* Tools */,
				10BAEAF41CD1C1B2003E8687 /* PigClass */,
				10BAEAF31CD1C1AA003E8687 /* CatClass */,
				10BAEAF21CD1C1A0003E8687 /* DogClass */,
				10BAEABF1CD1BFBB003E8687 /* AppDelegate.h */,
				10BAEAC01CD1BFBB003E8687 /* AppDelegate.mm */,
				10BAEAC21CD1BFBB003E8687 /* ViewController.h */,
				10BAEAC31CD1BFBB003E8687 /* ViewController.m */,
				10BAEB181CD1F072003E8687 /* ObjPro */,
				10BAEB0E1CD1D2B9003E8687 /* Push */,
				10BAEAC51CD1BFBB003E8687 /* Main.storyboard */,
				10BAEACB1CD1BFBB003E8687 /* Assets.xcassets */,
				10BAEACD1CD1BFBB003E8687 /* LaunchScreen.storyboard */,
				10BAEAD01CD1BFBB003E8687 /* Info.plist */,
				10BAEAC81CD1BFBB003E8687 /* ObjRunTime.xcdatamodeld */,
				10BAEABC1CD1BFBB003E8687 /* Supporting Files */,
			);
			path = ObjRunTime;
			sourceTree = "<group>";
		};
		10BAEABC1CD1BFBB003E8687 /* Supporting Files */ = {
			isa = PBXGroup;
			children = (
				10BAEABD1CD1BFBB003E8687 /* main.m */,
			);
			name = "Supporting Files";
			sourceTree = "<group>";
		};
		10BAEAD81CD1BFBB003E8687 /* ObjRunTimeTests */ = {
			isa = PBXGroup;
			children = (
				10BAEAD91CD1BFBB003E8687 /* ObjRunTimeTests.m */,
				10BAEADB1CD1BFBB003E8687 /* Info.plist */,
			);
			path = ObjRunTimeTests;
			sourceTree = "<group>";
		};
		10BAEAE31CD1BFBB003E8687 /* ObjRunTimeUITests */ = {
			isa = PBXGroup;
			children = (
				10BAEAE41CD1BFBB003E8687 /* ObjRunTimeUITests.m */,
				10BAEAE61CD1BFBB003E8687 /* Info.plist */,
			);
			path = ObjRunTimeUITests;
			sourceTree = "<group>";
		};
		10BAEAF21CD1C1A0003E8687 /* DogClass */ = {
			isa = PBXGroup;
			children = (
				10BAEB021CD1C290003E8687 /* Dog.h */,
				10BAEB031CD1C290003E8687 /* Dog.m */,
			);
			name = DogClass;
			sourceTree = "<group>";
		};
		10BAEAF31CD1C1AA003E8687 /* CatClass */ = {
			isa = PBXGroup;
			children = (
				10BAEAFD1CD1C26C003E8687 /* Cat.h */,
				10BAEAFE1CD1C26C003E8687 /* Cat.m */,
			);
			name = CatClass;
			sourceTree = "<group>";
		};
		10BAEAF41CD1C1B2003E8687 /* PigClass */ = {
			isa = PBXGroup;
			children = (
				10BAEAF81CD1C1E9003E8687 /* Pig.h */,
				10BAEAF91CD1C1E9003E8687 /* Pig.m */,
			);
			name = PigClass;
			sourceTree = "<group>";
		};
		10BAEB071CD1D088003E8687 /* Tools */ = {
			isa = PBXGroup;
			children = (
				10BAEB081CD1D0A6003E8687 /* MSYRunTimeTools.h */,
				10BAEB091CD1D0A6003E8687 /* MSYRunTimeTools.m */,
			);
			name = Tools;
			sourceTree = "<group>";
		};
		10BAEB0E1CD1D2B9003E8687 /* Push */ = {
			isa = PBXGroup;
			children = (
				10BAEB0F1CD1D2D8003E8687 /* PushViewController.h */,
				10BAEB101CD1D2D8003E8687 /* PushViewController.m */,
				10BAEB111CD1D2D8003E8687 /* PushViewController.xib */,
			);
			name = Push;
			sourceTree = "<group>";
		};
		10BAEB181CD1F072003E8687 /* ObjPro */ = {
			isa = PBXGroup;
			children = (
				10BAEB191CD1F087003E8687 /* PushObjViewController.h */,
				10BAEB1A1CD1F087003E8687 /* PushObjViewController.m */,
				10BAEB1B1CD1F087003E8687 /* PushObjViewController.xib */,
			);
			name = ObjPro;
			sourceTree = "<group>";
		};
/* End PBXGroup section */

/* Begin PBXNativeTarget section */
		10BAEAB81CD1BFBB003E8687 /* ObjRunTime */ = {
			isa = PBXNativeTarget;
			buildConfigurationList = 10BAEAE91CD1BFBB003E8687 /* Build configuration list for PBXNativeTarget "ObjRunTime" */;
			buildPhases = (
				10BAEAB51CD1BFBB003E8687 /* Sources */,
				10BAEAB61CD1BFBB003E8687 /* Frameworks */,
				10BAEAB71CD1BFBB003E8687 /* Resources */,
			);
			buildRules = (
			);
			dependencies = (
			);
			name = ObjRunTime;
			productName = ObjRunTime;
			productReference = 10BAEAB91CD1BFBB003E8687 /* ObjRunTime.app */;
			productType = "com.apple.product-type.application";
		};
		10BAEAD41CD1BFBB003E8687 /* ObjRunTimeTests */ = {
			isa = PBXNativeTarget;
			buildConfigurationList = 10BAEAEC1CD1BFBB003E8687 /* Build configuration list for PBXNativeTarget "ObjRunTimeTests" */;
			buildPhases = (
				10BAEAD11CD1BFBB003E8687 /* Sources */,
				10BAEAD21CD1BFBB003E8687 /* Frameworks */,
				10BAEAD31CD1BFBB003E8687 /* Resources */,
			);
			buildRules = (
			);
			dependencies = (
				10BAEAD71CD1BFBB003E8687 /* PBXTargetDependency */,
			);
			name = ObjRunTimeTests;
			productName = ObjRunTimeTests;
			productReference = 10BAEAD51CD1BFBB003E8687 /* ObjRunTimeTests.xctest */;
			productType = "com.apple.product-type.bundle.unit-test";
		};
		10BAEADF1CD1BFBB003E8687 /* ObjRunTimeUITests */ = {
			isa = PBXNativeTarget;
			buildConfigurationList = 10BAEAEF1CD1BFBB003E8687 /* Build configuration list for PBXNativeTarget "ObjRunTimeUITests" */;
			buildPhases = (
				10BAEADC1CD1BFBB003E8687 /* Sources */,
				10BAEADD1CD1BFBB003E8687 /* Frameworks */,
				10BAEADE1CD1BFBB003E8687 /* Resources */,
			);
			buildRules = (
			);
			dependencies = (
				10BAEAE21CD1BFBB003E8687 /* PBXTargetDependency */,
			);
			name = ObjRunTimeUITests;
			productName = ObjRunTimeUITests;
			productReference = 10BAEAE01CD1BFBB003E8687 /* ObjRunTimeUITests.xctest */;
			productType = "com.apple.product-type.bundle.ui-testing";
		};
/* End PBXNativeTarget section */

/* Begin PBXProject section */
		10BAEAB11CD1BFBB003E8687 /* Project object */ = {
			isa = PBXProject;
			attributes = {
				LastUpgradeCheck = 0730;
				ORGANIZATIONNAME = "马少洋";
				TargetAttributes = {
					10BAEAB81CD1BFBB003E8687 = {
						CreatedOnToolsVersion = 7.3;
					};
					10BAEAD41CD1BFBB003E8687 = {
						CreatedOnToolsVersion = 7.3;
						TestTargetID = 10BAEAB81CD1BFBB003E8687;
					};
					10BAEADF1CD1BFBB003E8687 = {
						CreatedOnToolsVersion = 7.3;
						TestTargetID = 10BAEAB81CD1BFBB003E8687;
					};
				};
			};
			buildConfigurationList = 10BAEAB41CD1BFBB003E8687 /* Build configuration list for PBXProject "ObjRunTime" */;
			compatibilityVersion = "Xcode 3.2";
			developmentRegion = English;
			hasScannedForEncodings = 0;
			knownRegions = (
				en,
				Base,
			);
			mainGroup = 10BAEAB01CD1BFBB003E8687;
			productRefGroup = 10BAEABA1CD1BFBB003E8687 /* Products */;
			projectDirPath = "";
			projectRoot = "";
			targets = (
				10BAEAB81CD1BFBB003E8687 /* ObjRunTime */,
				10BAEAD41CD1BFBB003E8687 /* ObjRunTimeTests */,
				10BAEADF1CD1BFBB003E8687 /* ObjRunTimeUITests */,
			);
		};
/* End PBXProject section */

/* Begin PBXResourcesBuildPhase section */
		10BAEAB71CD1BFBB003E8687 /* Resources */ = {
			isa = PBXResourcesBuildPhase;
			buildActionMask = 2147483647;
			files = (
				10BAEACF1CD1BFBB003E8687 /* LaunchScreen.storyboard in Resources */,
				10BAEACC1CD1BFBB003E8687 /* Assets.xcassets in Resources */,
				10BAEB151CD1D2D8003E8687 /* PushViewController.xib in Resources */,
				10BAEB1F1CD1F087003E8687 /* PushObjViewController.xib in Resources */,
				10BAEAC71CD1BFBB003E8687 /* Main.storyboard in Resources */,
			);
			runOnlyForDeploymentPostprocessing = 0;
		};
		10BAEAD31CD1BFBB003E8687 /* Resources */ = {
			isa = PBXResourcesBuildPhase;
			buildActionMask = 2147483647;
			files = (
				10BAEB201CD1F087003E8687 /* PushObjViewController.xib in Resources */,
				10BAEB161CD1D2D8003E8687 /* PushViewController.xib in Resources */,
			);
			runOnlyForDeploymentPostprocessing = 0;
		};
		10BAEADE1CD1BFBB003E8687 /* Resources */ = {
			isa = PBXResourcesBuildPhase;
			buildActionMask = 2147483647;
			files = (
				10BAEB211CD1F087003E8687 /* PushObjViewController.xib in Resources */,
				10BAEB171CD1D2D8003E8687 /* PushViewController.xib in Resources */,
			);
			runOnlyForDeploymentPostprocessing = 0;
		};
/* End PBXResourcesBuildPhase section */

/* Begin PBXSourcesBuildPhase section */
		10BAEAB51CD1BFBB003E8687 /* Sources */ = {
			isa = PBXSourcesBuildPhase;
			buildActionMask = 2147483647;
			files = (
				10BAEAFF1CD1C26C003E8687 /* Cat.m in Sources */,
				10BAEAC41CD1BFBB003E8687 /* ViewController.m in Sources */,
				10BAEB121CD1D2D8003E8687 /* PushViewController.m in Sources */,
				10BAEB0A1CD1D0A6003E8687 /* MSYRunTimeTools.m in Sources */,
				10BAEB1C1CD1F087003E8687 /* PushObjViewController.m in Sources */,
				10BAEAC11CD1BFBB003E8687 /* AppDelegate.mm in Sources */,
				10BAEACA1CD1BFBB003E8687 /* ObjRunTime.xcdatamodeld in Sources */,
				10BAEB041CD1C290003E8687 /* Dog.m in Sources */,
				10BAEABE1CD1BFBB003E8687 /* main.m in Sources */,
				10BAEAFA1CD1C1E9003E8687 /* Pig.m in Sources */,
			);
			runOnlyForDeploymentPostprocessing = 0;
		};
		10BAEAD11CD1BFBB003E8687 /* Sources */ = {
			isa = PBXSourcesBuildPhase;
			buildActionMask = 2147483647;
			files = (
				10BAEB1D1CD1F087003E8687 /* PushObjViewController.m in Sources */,
				10BAEB001CD1C26C003E8687 /* Cat.m in Sources */,
				10BAEAFB1CD1C1E9003E8687 /* Pig.m in Sources */,
				10BAEB131CD1D2D8003E8687 /* PushViewController.m in Sources */,
				10BAEB051CD1C290003E8687 /* Dog.m in Sources */,
				10BAEB0B1CD1D0A6003E8687 /* MSYRunTimeTools.m in Sources */,
				10BAEADA1CD1BFBB003E8687 /* ObjRunTimeTests.m in Sources */,
			);
			runOnlyForDeploymentPostprocessing = 0;
		};
		10BAEADC1CD1BFBB003E8687 /* Sources */ = {
			isa = PBXSourcesBuildPhase;
			buildActionMask = 2147483647;
			files = (
				10BAEB1E1CD1F087003E8687 /* PushObjViewController.m in Sources */,
				10BAEB011CD1C26C003E8687 /* Cat.m in Sources */,
				10BAEAFC1CD1C1E9003E8687 /* Pig.m in Sources */,
				10BAEB141CD1D2D8003E8687 /* PushViewController.m in Sources */,
				10BAEB061CD1C290003E8687 /* Dog.m in Sources */,
				10BAEB0C1CD1D0A6003E8687 /* MSYRunTimeTools.m in Sources */,
				10BAEAE51CD1BFBB003E8687 /* ObjRunTimeUITests.m in Sources */,
			);
			runOnlyForDeploymentPostprocessing = 0;
		};
/* End PBXSourcesBuildPhase section */

/* Begin PBXTargetDependency section */
		10BAEAD71CD1BFBB003E8687 /* PBXTargetDependency */ = {
			isa = PBXTargetDependency;
			target = 10BAEAB81CD1BFBB003E8687 /* ObjRunTime */;
			targetProxy = 10BAEAD61CD1BFBB003E8687 /* PBXContainerItemProxy */;
		};
		10BAEAE21CD1BFBB003E8687 /* PBXTargetDependency */ = {
			isa = PBXTargetDependency;
			target = 10BAEAB81CD1BFBB003E8687 /* ObjRunTime */;
			targetProxy = 10BAEAE11CD1BFBB003E8687 /* PBXContainerItemProxy */;
		};
/* End PBXTargetDependency section */

/* Begin PBXVariantGroup section */
		10BAEAC51CD1BFBB003E8687 /* Main.storyboard */ = {
			isa = PBXVariantGroup;
			children = (
				10BAEAC61CD1BFBB003E8687 /* Base */,
			);
			name = Main.storyboard;
			sourceTree = "<group>";
		};
		10BAEACD1CD1BFBB003E8687 /* LaunchScreen.storyboard */ = {
			isa = PBXVariantGroup;
			children = (
				10BAEACE1CD1BFBB003E8687 /* Base */,
			);
			name = LaunchScreen.storyboard;
			sourceTree = "<group>";
		};
/* End PBXVariantGroup section */

/* Begin XCBuildConfiguration section */
		10BAEAE71CD1BFBB003E8687 /* Debug */ = {
			isa = XCBuildConfiguration;
			buildSettings = {
				ALWAYS_SEARCH_USER_PATHS = NO;
				CLANG_ANALYZER_NONNULL = YES;
				CLANG_CXX_LANGUAGE_STANDARD = "gnu++0x";
				CLANG_CXX_LIBRARY = "libc++";
				CLANG_ENABLE_MODULES = YES;
				CLANG_ENABLE_OBJC_ARC = YES;
				CLANG_WARN_BOOL_CONVERSION = YES;
				CLANG_WARN_CONSTANT_CONVERSION = YES;
				CLANG_WARN_DIRECT_OBJC_ISA_USAGE = YES_ERROR;
				CLANG_WARN_EMPTY_BODY = YES;
				CLANG_WARN_ENUM_CONVERSION = YES;
				CLANG_WARN_INT_CONVERSION = YES;
				CLANG_WARN_OBJC_ROOT_CLASS = YES_ERROR;
				CLANG_WARN_UNREACHABLE_CODE = YES;
				CLANG_WARN__DUPLICATE_METHOD_MATCH = YES;
				"CODE_SIGN_IDENTITY[sdk=iphoneos*]" = "iPhone Developer";
				COPY_PHASE_STRIP = NO;
				DEBUG_INFORMATION_FORMAT = dwarf;
				ENABLE_STRICT_OBJC_MSGSEND = YES;
				ENABLE_TESTABILITY = YES;
				GCC_C_LANGUAGE_STANDARD = gnu99;
				GCC_DYNAMIC_NO_PIC = NO;
				GCC_NO_COMMON_BLOCKS = YES;
				GCC_OPTIMIZATION_LEVEL = 0;
				GCC_PREPROCESSOR_DEFINITIONS = (
					"DEBUG=1",
					"$(inherited)",
				);
				GCC_WARN_64_TO_32_BIT_CONVERSION = YES;
				GCC_WARN_ABOUT_RETURN_TYPE = YES_ERROR;
				GCC_WARN_UNDECLARED_SELECTOR = YES;
				GCC_WARN_UNINITIALIZED_AUTOS = YES_AGGRESSIVE;
				GCC_WARN_UNUSED_FUNCTION = YES;
				GCC_WARN_UNUSED_VARIABLE = YES;
				IPHONEOS_DEPLOYMENT_TARGET = 9.3;
				MTL_ENABLE_DEBUG_INFO = YES;
				ONLY_ACTIVE_ARCH = YES;
				SDKROOT = iphoneos;
				TARGETED_DEVICE_FAMILY = "1,2";
			};
			name = Debug;
		};
		10BAEAE81CD1BFBB003E8687 /* Release */ = {
			isa = XCBuildConfiguration;
			buildSettings = {
				ALWAYS_SEARCH_USER_PATHS = NO;
				CLANG_ANALYZER_NONNULL = YES;
				CLANG_CXX_LANGUAGE_STANDARD = "gnu++0x";
				CLANG_CXX_LIBRARY = "libc++";
				CLANG_ENABLE_MODULES = YES;
				CLANG_ENABLE_OBJC_ARC = YES;
				CLANG_WARN_BOOL_CONVERSION = YES;
				CLANG_WARN_CONSTANT_CONVERSION = YES;
				CLANG_WARN_DIRECT_OBJC_ISA_USAGE = YES_ERROR;
				CLANG_WARN_EMPTY_BODY = YES;
				CLANG_WARN_ENUM_CONVERSION = YES;
				CLANG_WARN_INT_CONVERSION = YES;
				CLANG_WARN_OBJC_ROOT_CLASS = YES_ERROR;
				CLANG_WARN_UNREACHABLE_CODE = YES;
				CLANG_WARN__DUPLICATE_METHOD_MATCH = YES;
				"CODE_SIGN_IDENTITY[sdk=iphoneos*]" = "iPhone Developer";
				COPY_PHASE_STRIP = NO;
				DEBUG_INFORMATION_FORMAT = "dwarf-with-dsym";
				ENABLE_NS_ASSERTIONS = NO;
				ENABLE_STRICT_OBJC_MSGSEND = YES;
				GCC_C_LANGUAGE_STANDARD = gnu99;
				GCC_NO_COMMON_BLOCKS = YES;
				GCC_WARN_64_TO_32_BIT_CONVERSION = YES;
				GCC_WARN_ABOUT_RETURN_TYPE = YES_ERROR;
				GCC_WARN_UNDECLARED_SELECTOR = YES;
				GCC_WARN_UNINITIALIZED_AUTOS = YES_AGGRESSIVE;
				GCC_WARN_UNUSED_FUNCTION = YES;
				GCC_WARN_UNUSED_VARIABLE = YES;
				IPHONEOS_DEPLOYMENT_TARGET = 9.3;
				MTL_ENABLE_DEBUG_INFO = NO;
				SDKROOT = iphoneos;
				TARGETED_DEVICE_FAMILY = "1,2";
				VALIDATE_PRODUCT = YES;
			};
			name = Release;
		};
		10BAEAEA1CD1BFBB003E8687 /* Debug */ = {
			isa = XCBuildConfiguration;
			buildSettings = {
				ASSETCATALOG_COMPILER_APPICON_NAME = AppIcon;
				ENABLE_STRICT_OBJC_MSGSEND = NO;
				INFOPLIST_FILE = ObjRunTime/Info.plist;
				IPHONEOS_DEPLOYMENT_TARGET = 7.0;
				LD_RUNPATH_SEARCH_PATHS = "$(inherited) @executable_path/Frameworks";
				PRODUCT_BUNDLE_IDENTIFIER = "-44245104-qq.com.ObjRunTime";
				PRODUCT_NAME = "$(TARGET_NAME)";
			};
			name = Debug;
		};
		10BAEAEB1CD1BFBB003E8687 /* Release */ = {
			isa = XCBuildConfiguration;
			buildSettings = {
				ASSETCATALOG_COMPILER_APPICON_NAME = AppIcon;
				ENABLE_STRICT_OBJC_MSGSEND = NO;
				INFOPLIST_FILE = ObjRunTime/Info.plist;
				IPHONEOS_DEPLOYMENT_TARGET = 7.0;
				LD_RUNPATH_SEARCH_PATHS = "$(inherited) @executable_path/Frameworks";
				PRODUCT_BUNDLE_IDENTIFIER = "-44245104-qq.com.ObjRunTime";
				PRODUCT_NAME = "$(TARGET_NAME)";
			};
			name = Release;
		};
		10BAEAED1CD1BFBB003E8687 /* Debug */ = {
			isa = XCBuildConfiguration;
			buildSettings = {
				BUNDLE_LOADER = "$(TEST_HOST)";
				INFOPLIST_FILE = ObjRunTimeTests/Info.plist;
				LD_RUNPATH_SEARCH_PATHS = "$(inherited) @executable_path/Frameworks @loader_path/Frameworks";
				PRODUCT_BUNDLE_IDENTIFIER = "-44245104-qq.com.ObjRunTimeTests";
				PRODUCT_NAME = "$(TARGET_NAME)";
				TEST_HOST = "$(BUILT_PRODUCTS_DIR)/ObjRunTime.app/ObjRunTime";
			};
			name = Debug;
		};
		10BAEAEE1CD1BFBB003E8687 /* Release */ = {
			isa = XCBuildConfiguration;
			buildSettings = {
				BUNDLE_LOADER = "$(TEST_HOST)";
				INFOPLIST_FILE = ObjRunTimeTests/Info.plist;
				LD_RUNPATH_SEARCH_PATHS = "$(inherited) @executable_path/Frameworks @loader_path/Frameworks";
				PRODUCT_BUNDLE_IDENTIFIER = "-44245104-qq.com.ObjRunTimeTests";
				PRODUCT_NAME = "$(TARGET_NAME)";
				TEST_HOST = "$(BUILT_PRODUCTS_DIR)/ObjRunTime.app/ObjRunTime";
			};
			name = Release;
		};
		10BAEAF01CD1BFBB003E8687 /* Debug */ = {
			isa = XCBuildConfiguration;
			buildSettings = {
				INFOPLIST_FILE = ObjRunTimeUITests/Info.plist;
				LD_RUNPATH_SEARCH_PATHS = "$(inherited) @executable_path/Frameworks @loader_path/Frameworks";
				PRODUCT_BUNDLE_IDENTIFIER = "-44245104-qq.com.ObjRunTimeUITests";
				PRODUCT_NAME = "$(TARGET_NAME)";
				TEST_TARGET_NAME = ObjRunTime;
			};
			name = Debug;
		};
		10BAEAF11CD1BFBB003E8687 /* Release */ = {
			isa = XCBuildConfiguration;
			buildSettings = {
				INFOPLIST_FILE = ObjRunTimeUITests/Info.plist;
				LD_RUNPATH_SEARCH_PATHS = "$(inherited) @executable_path/Frameworks @loader_path/Frameworks";
				PRODUCT_BUNDLE_IDENTIFIER = "-44245104-qq.com.ObjRunTimeUITests";
				PRODUCT_NAME = "$(TARGET_NAME)";
				TEST_TARGET_NAME = ObjRunTime;
			};
			name = Release;
		};
/* End XCBuildConfiguration section */

/* Begin XCConfigurationList section */
		10BAEAB41CD1BFBB003E8687 /* Build configuration list for PBXProject "ObjRunTime" */ = {
			isa = XCConfigurationList;
			buildConfigurations = (
				10BAEAE71CD1BFBB003E8687 /* Debug */,
				10BAEAE81CD1BFBB003E8687 /* Release */,
			);
			defaultConfigurationIsVisible = 0;
			defaultConfigurationName = Release;
		};
		10BAEAE91CD1BFBB003E8687 /* Build configuration list for PBXNativeTarget "ObjRunTime" */ = {
			isa = XCConfigurationList;
			buildConfigurations = (
				10BAEAEA1CD1BFBB003E8687 /* Debug */,
				10BAEAEB1CD1BFBB003E8687 /* Release */,
			);
			defaultConfigurationIsVisible = 0;
			defaultConfigurationName = Release;
		};
		10BAEAEC1CD1BFBB003E8687 /* Build configuration list for PBXNativeTarget "ObjRunTimeTests" */ = {
			isa = XCConfigurationList;
			buildConfigurations = (
				10BAEAED1CD1BFBB003E8687 /* Debug */,
				10BAEAEE1CD1BFBB003E8687 /* Release */,
			);
			defaultConfigurationIsVisible = 0;
			defaultConfigurationName = Release;
		};
		10BAEAEF1CD1BFBB003E8687 /* Build configuration list for PBXNativeTarget "ObjRunTimeUITests" */ = {
			isa = XCConfigurationList;
			buildConfigurations = (
				10BAEAF01CD1BFBB003E8687 /* Debug */,
				10BAEAF11CD1BFBB003E8687 /* Release */,
			);
			defaultConfigurationIsVisible = 0;
			defaultConfigurationName = Release;
		};
/* End XCConfigurationList section */

/* Begin XCVersionGroup section */
		10BAEAC81CD1BFBB003E8687 /* ObjRunTime.xcdatamodeld */ = {
			isa = XCVersionGroup;
			children = (
				10BAEAC91CD1BFBB003E8687 /* ObjRunTime.xcdatamodel */,
			);
			currentVersion = 10BAEAC91CD1BFBB003E8687 /* ObjRunTime.xcdatamodel */;
			path = ObjRunTime.xcdatamodeld;
			sourceTree = "<group>";
			versionGroupType = wrapper.xcdatamodel;
		};
/* End XCVersionGroup section */
	};
	rootObject = 10BAEAB11CD1BFBB003E8687 /* Project object */;
}
